
Microsoft Visual Studio Solution File, Format Version 12.00
# Visual Studio Version 17
VisualStudioVersion = 17.8.34322.80
MinimumVisualStudioVersion = 10.0.40219.1
Project("{9A19103F-16F7-4668-BE54-9A1E7A4F7556}") = "PACE", "PACE.csproj", "{01A8E7FC-7533-456E-BF72-B86DC0F442FA}"
EndProject
Global
	GlobalSection(SolutionConfigurationPlatforms) = preSolution
		Debug|Any CPU = Debug|Any CPU
		Release|Any CPU = Release|Any CPU
	EndGlobalSection
	GlobalSection(ProjectConfigurationPlatforms) = postSolution
		{01A8E7FC-7533-456E-BF72-B86DC0F442FA}.Debug|Any CPU.ActiveCfg = Debug|Any CPU
		{01A8E7FC-7533-456E-BF72-B86DC0F442FA}.Debug|Any CPU.Build.0 = Debug|Any CPU
		{01A8E7FC-7533-456E-BF72-B86DC0F442FA}.Release|Any CPU.ActiveCfg = Release|Any CPU
		{01A8E7FC-7533-456E-BF72-B86DC0F442FA}.Release|Any CPU.Build.0 = Release|Any CPU
	EndGlobalSection
	GlobalSection(SolutionProperties) = preSolution
		HideSolutionNode = FALSE
	EndGlobalSection
	GlobalSection(ExtensibilityGlobals) = postSolution
		SolutionGuid = {98450D63-8C9E-43E3-A34E-1665B4E6FE8C}
	EndGlobalSection
EndGlobal
